
Microsoft Visual Studio Solution File, Format Version 12.00
# Visual Studio Version 17
VisualStudioVersion = 17.0.31903.59
MinimumVisualStudioVersion = 10.0.40219.1
Project("{2150E333-8FDC-42A3-9474-1A3956D46DE8}") = "src", "src", "{4DB89563-2D98-4A2B-B612-B0AC96A127B9}"
EndProject
Project("{FAE04EC0-301F-11D3-BF4B-00C04F79EFBC}") = "NoPrimitives", "src\NoPrimitives\NoPrimitives.csproj", "{69D0F7BE-535A-4271-94A8-BA9A0549E728}"
EndProject
Project("{FAE04EC0-301F-11D3-BF4B-00C04F79EFBC}") = "NoPrimitives.Core", "src\NoPrimitives.Core\NoPrimitives.Core.csproj", "{CA9266B8-D0CC-4433-8710-A6957A2D07AF}"
EndProject
Project("{2150E333-8FDC-42A3-9474-1A3956D46DE8}") = "test", "test", "{FBD7D15B-39BA-4778-984E-886EED7D30A0}"
EndProject
Project("{FAE04EC0-301F-11D3-BF4B-00C04F79EFBC}") = "NoPrimitives.Tests", "test\NoPrimitives.Tests\NoPrimitives.Tests.csproj", "{C570068A-F008-4C1E-B141-9CBF69056160}"
EndProject
Project("{FAE04EC0-301F-11D3-BF4B-00C04F79EFBC}") = "NoPrimitives.Generators.Tests", "test\NoPrimitives.Generators.Tests\NoPrimitives.Generators.Tests.csproj", "{2F8C891E-7BE6-46E7-9659-245CD2ACEAEB}"
EndProject
Global
	GlobalSection(SolutionConfigurationPlatforms) = preSolution
		Debug|Any CPU = Debug|Any CPU
		Release|Any CPU = Release|Any CPU
	EndGlobalSection
	GlobalSection(SolutionProperties) = preSolution
		HideSolutionNode = FALSE
	EndGlobalSection
	GlobalSection(ProjectConfigurationPlatforms) = postSolution
		{69D0F7BE-535A-4271-94A8-BA9A0549E728}.Debug|Any CPU.ActiveCfg = Debug|Any CPU
		{69D0F7BE-535A-4271-94A8-BA9A0549E728}.Debug|Any CPU.Build.0 = Debug|Any CPU
		{69D0F7BE-535A-4271-94A8-BA9A0549E728}.Release|Any CPU.ActiveCfg = Release|Any CPU
		{69D0F7BE-535A-4271-94A8-BA9A0549E728}.Release|Any CPU.Build.0 = Release|Any CPU
		{CA9266B8-D0CC-4433-8710-A6957A2D07AF}.Debug|Any CPU.ActiveCfg = Debug|Any CPU
		{CA9266B8-D0CC-4433-8710-A6957A2D07AF}.Debug|Any CPU.Build.0 = Debug|Any CPU
		{CA9266B8-D0CC-4433-8710-A6957A2D07AF}.Release|Any CPU.ActiveCfg = Release|Any CPU
		{CA9266B8-D0CC-4433-8710-A6957A2D07AF}.Release|Any CPU.Build.0 = Release|Any CPU
		{C570068A-F008-4C1E-B141-9CBF69056160}.Debug|Any CPU.ActiveCfg = Debug|Any CPU
		{C570068A-F008-4C1E-B141-9CBF69056160}.Debug|Any CPU.Build.0 = Debug|Any CPU
		{C570068A-F008-4C1E-B141-9CBF69056160}.Release|Any CPU.ActiveCfg = Release|Any CPU
		{C570068A-F008-4C1E-B141-9CBF69056160}.Release|Any CPU.Build.0 = Release|Any CPU
		{2F8C891E-7BE6-46E7-9659-245CD2ACEAEB}.Debug|Any CPU.ActiveCfg = Debug|Any CPU
		{2F8C891E-7BE6-46E7-9659-245CD2ACEAEB}.Debug|Any CPU.Build.0 = Debug|Any CPU
		{2F8C891E-7BE6-46E7-9659-245CD2ACEAEB}.Release|Any CPU.ActiveCfg = Release|Any CPU
		{2F8C891E-7BE6-46E7-9659-245CD2ACEAEB}.Release|Any CPU.Build.0 = Release|Any CPU
	EndGlobalSection
	GlobalSection(NestedProjects) = preSolution
		{69D0F7BE-535A-4271-94A8-BA9A0549E728} = {4DB89563-2D98-4A2B-B612-B0AC96A127B9}
		{CA9266B8-D0CC-4433-8710-A6957A2D07AF} = {4DB89563-2D98-4A2B-B612-B0AC96A127B9}
		{C570068A-F008-4C1E-B141-9CBF69056160} = {FBD7D15B-39BA-4778-984E-886EED7D30A0}
		{2F8C891E-7BE6-46E7-9659-245CD2ACEAEB} = {FBD7D15B-39BA-4778-984E-886EED7D30A0}
	EndGlobalSection
EndGlobal
